
Microsoft Visual Studio Solution File, Format Version 12.00
# Visual Studio 14
VisualStudioVersion = 14.0.25420.1
MinimumVisualStudioVersion = 10.0.40219.1
Project("{E24C65DC-7377-472B-9ABA-BC803B73C61A}") = "BntWebYangShengTang_Publish", ".", "{214DFF31-D3B0-4517-A9D4-1D109A9D0323}"
	ProjectSection(WebsiteProperties) = preProject
		TargetFrameworkMoniker = ".NETFramework,Version%3Dv4.0"
		Debug.AspNetCompiler.VirtualPath = "/localhost_64010"
		Debug.AspNetCompiler.PhysicalPath = "E:\胡家琪\项目管理\BntWebYangShengTang_Publish\"
		Debug.AspNetCompiler.TargetPath = "PrecompiledWeb\localhost_64010\"
		Debug.AspNetCompiler.Updateable = "true"
		Debug.AspNetCompiler.ForceOverwrite = "true"
		Debug.AspNetCompiler.FixedNames = "false"
		Debug.AspNetCompiler.Debug = "True"
		Release.AspNetCompiler.VirtualPath = "/localhost_64010"
		Release.AspNetCompiler.PhysicalPath = "E:\胡家琪\项目管理\BntWebYangShengTang_Publish\"
		Release.AspNetCompiler.TargetPath = "PrecompiledWeb\localhost_64010\"
		Release.AspNetCompiler.Updateable = "true"
		Release.AspNetCompiler.ForceOverwrite = "true"
		Release.AspNetCompiler.FixedNames = "false"
		Release.AspNetCompiler.Debug = "False"
		VWDPort = "64010"
	EndProjectSection
EndProject
Global
	GlobalSection(SolutionConfigurationPlatforms) = preSolution
		Debug|Any CPU = Debug|Any CPU
	EndGlobalSection
	GlobalSection(ProjectConfigurationPlatforms) = postSolution
		{214DFF31-D3B0-4517-A9D4-1D109A9D0323}.Debug|Any CPU.ActiveCfg = Debug|Any CPU
		{214DFF31-D3B0-4517-A9D4-1D109A9D0323}.Debug|Any CPU.Build.0 = Debug|Any CPU
	EndGlobalSection
	GlobalSection(SolutionProperties) = preSolution
		HideSolutionNode = FALSE
	EndGlobalSection
EndGlobal
